<?xml version="1.0" encoding="utf-8"?>
<Project ToolsVersion="4.0" xmlns="http://schemas.microsoft.com/developer/msbuild/2003">
  <ItemGroup>
    <Filter Include="Source Files">
      <UniqueIdentifier>{4FC737F1-C7A5-4376-A066-2A32D752A2FF}</UniqueIdentifier>
      <Extensions>cpp;c;cc;cxx;def;odl;idl;hpj;bat;asm;asmx</Extensions>
    </Filter>
    <Filter Include="Resource Files">
      <UniqueIdentifier>{67DA6AB6-F800-4c08-8B7A-83BB121AAD01}</UniqueIdentifier>
      <Extensions>rc;ico;cur;bmp;dlg;rc2;rct;bin;rgs;gif;jpg;jpeg;jpe;resx;tiff;tif;png;wav;mfcribbon-ms</Extensions>
    </Filter>
    <Filter Include="prefabs">
      <UniqueIdentifier>{e4143718-7be8-42fe-9b26-9ab3fcd1e1ec}</UniqueIdentifier>
    </Filter>
    <Filter Include="CustomComponents">
      <UniqueIdentifier>{70f13910-e341-43e1-b3a4-0c55ea0b841a}</UniqueIdentifier>
    </Filter>
    <Filter Include="CustomCollisionCommand">
      <UniqueIdentifier>{3dc330fc-0e5e-477d-94c4-d0a3e315b3c7}</UniqueIdentifier>
    </Filter>
    <Filter Include="Behaviors">
      <UniqueIdentifier>{549061a2-1cd0-4c03-b1ff-183ad30d32ee}</UniqueIdentifier>
    </Filter>
    <Filter Include="Behaviors\Pooka">
      <UniqueIdentifier>{02c7648b-7145-4d96-b88f-2d1ec59b8204}</UniqueIdentifier>
    </Filter>
    <Filter Include="Behaviors\Player">
      <UniqueIdentifier>{ae09bf86-950d-4a52-9bbd-e2fe09f0f172}</UniqueIdentifier>
    </Filter>
    <Filter Include="Behaviors\Fygar">
      <UniqueIdentifier>{509b0fd1-a41b-4ac2-b0e5-7b4ab2e2bd43}</UniqueIdentifier>
    </Filter>
  </ItemGroup>
  <ItemGroup>
    <ClInclude Include="pch.h">
      <Filter>Source Files</Filter>
    </ClInclude>
    <ClInclude Include="FPSTestScene.h">
      <Filter>Source Files</Filter>
    </ClInclude>
    <ClInclude Include="Player.h">
      <Filter>prefabs</Filter>
    </ClInclude>
    <ClInclude Include="PlayerBehavior.h">
      <Filter>CustomComponents</Filter>
    </ClInclude>
    <ClInclude Include="Stone.h">
      <Filter>prefabs</Filter>
    </ClInclude>
    <ClInclude Include="StoneBehavior.h">
      <Filter>CustomComponents</Filter>
    </ClInclude>
    <ClInclude Include="BlockOnPlayer.h">
      <Filter>CustomCollisionCommand</Filter>
    </ClInclude>
    <ClInclude Include="RespectBoundaries.h">
      <Filter>CustomCollisionCommand</Filter>
    </ClInclude>
    <ClInclude Include="Pooka.h">
      <Filter>prefabs</Filter>
    </ClInclude>
    <ClInclude Include="PookaChase.h">
      <Filter>Behaviors\Pooka</Filter>
    </ClInclude>
    <ClInclude Include="PookaMoveBehavior.h">
      <Filter>Behaviors\Pooka</Filter>
    </ClInclude>
    <ClInclude Include="PookaWander.h">
      <Filter>Behaviors\Pooka</Filter>
    </ClInclude>
    <ClInclude Include="PlayerMoveBehavior.h">
      <Filter>Behaviors\Player</Filter>
    </ClInclude>
    <ClInclude Include="PlayerPumpState.h">
      <Filter>Behaviors\Player</Filter>
    </ClInclude>
    <ClInclude Include="Pump.h">
      <Filter>prefabs</Filter>
    </ClInclude>
    <ClInclude Include="TriggerOnEnemy.h">
      <Filter>CustomCollisionCommand</Filter>
    </ClInclude>
    <ClInclude Include="Inflatable.h">
      <Filter>CustomComponents</Filter>
    </ClInclude>
    <ClInclude Include="PookaInflate.h">
      <Filter>Behaviors\Pooka</Filter>
    </ClInclude>
    <ClInclude Include="SquishAble.h">
      <Filter>CustomComponents</Filter>
    </ClInclude>
    <ClInclude Include="Squish.h">
      <Filter>CustomCollisionCommand</Filter>
    </ClInclude>
    <ClInclude Include="SquishState.h">
      <Filter>Behaviors</Filter>
    </ClInclude>
    <ClInclude Include="FygarMoveBehavior.h">
      <Filter>Behaviors\Fygar</Filter>
    </ClInclude>
    <ClInclude Include="FygarChase.h">
      <Filter>Behaviors\Fygar</Filter>
    </ClInclude>
    <ClInclude Include="FygarWander.h">
      <Filter>Behaviors\Fygar</Filter>
    </ClInclude>
    <ClInclude Include="FygarInflate.h">
      <Filter>Behaviors\Fygar</Filter>
    </ClInclude>
    <ClInclude Include="Fygar.h">
      <Filter>prefabs</Filter>
    </ClInclude>
    <ClInclude Include="ScoreObserver.h">
      <Filter>Source Files</Filter>
    </ClInclude>
  </ItemGroup>
  <ItemGroup>
    <ClCompile Include="pch.cpp">
      <Filter>Source Files</Filter>
    </ClCompile>
    <ClCompile Include="DigDug.cpp">
      <Filter>Source Files</Filter>
    </ClCompile>
    <ClCompile Include="FPSTestScene.cpp">
      <Filter>Source Files</Filter>
    </ClCompile>
    <ClCompile Include="Player.cpp">
      <Filter>prefabs</Filter>
    </ClCompile>
    <ClCompile Include="PlayerBehavior.cpp">
      <Filter>CustomComponents</Filter>
    </ClCompile>
    <ClCompile Include="Stone.cpp">
      <Filter>prefabs</Filter>
    </ClCompile>
    <ClCompile Include="StoneBehavior.cpp">
      <Filter>CustomComponents</Filter>
    </ClCompile>
    <ClCompile Include="BlockOnPlayer.cpp">
      <Filter>CustomCollisionCommand</Filter>
    </ClCompile>
    <ClCompile Include="RespectBoundaries.cpp">
      <Filter>CustomCollisionCommand</Filter>
    </ClCompile>
    <ClCompile Include="Pooka.cpp">
      <Filter>prefabs</Filter>
    </ClCompile>
    <ClCompile Include="PookaChase.cpp">
      <Filter>Behaviors\Pooka</Filter>
    </ClCompile>
    <ClCompile Include="PookaMoveBehavior.cpp">
      <Filter>Behaviors\Pooka</Filter>
    </ClCompile>
    <ClCompile Include="PookaWander.cpp">
      <Filter>Behaviors\Pooka</Filter>
    </ClCompile>
    <ClCompile Include="PlayerMoveBehavior.cpp">
      <Filter>Behaviors\Player</Filter>
    </ClCompile>
    <ClCompile Include="PlayerPumpState.cpp">
      <Filter>Behaviors\Player</Filter>
    </ClCompile>
    <ClCompile Include="Pump.cpp">
      <Filter>prefabs</Filter>
    </ClCompile>
    <ClCompile Include="TriggerOnEnemy.cpp">
      <Filter>CustomCollisionCommand</Filter>
    </ClCompile>
    <ClCompile Include="PookaInflate.cpp">
      <Filter>Behaviors\Pooka</Filter>
    </ClCompile>
    <ClCompile Include="Squish.cpp">
      <Filter>CustomCollisionCommand</Filter>
    </ClCompile>
    <ClCompile Include="SquishState.cpp">
      <Filter>Behaviors</Filter>
    </ClCompile>
    <ClCompile Include="FygarMoveBehavior.cpp">
      <Filter>Behaviors\Fygar</Filter>
    </ClCompile>
    <ClCompile Include="FygarChase.cpp">
      <Filter>Behaviors\Fygar</Filter>
    </ClCompile>
    <ClCompile Include="FygarWander.cpp">
      <Filter>Behaviors\Fygar</Filter>
    </ClCompile>
    <ClCompile Include="FygarInflate.cpp">
      <Filter>Behaviors\Fygar</Filter>
    </ClCompile>
    <ClCompile Include="Fygar.cpp">
      <Filter>prefabs</Filter>
    </ClCompile>
    <ClCompile Include="ScoreObserver.cpp">
      <Filter>Source Files</Filter>
    </ClCompile>
  </ItemGroup>
</Project>