<?xml version="1.0" encoding="utf-8"?>
<Project ToolsVersion="4.0" xmlns="http://schemas.microsoft.com/developer/msbuild/2003">
  <ItemGroup>
    <Filter Include="Base">
      <UniqueIdentifier>{f1a270ab-cb5c-4921-9a1a-15c51a58ed5a}</UniqueIdentifier>
    </Filter>
    <Filter Include="Components">
      <UniqueIdentifier>{c990d190-c266-4457-93a5-5957a1f69446}</UniqueIdentifier>
    </Filter>
    <Filter Include="Helpers">
      <UniqueIdentifier>{2797d4ac-629f-433e-b7ba-8953583b6ea0}</UniqueIdentifier>
    </Filter>
    <Filter Include="Scene">
      <UniqueIdentifier>{4c374586-6ecc-481f-806e-74eec61c26d1}</UniqueIdentifier>
    </Filter>
    <Filter Include="Shaders">
      <UniqueIdentifier>{a427d5f3-9ff7-4b1f-a7c2-231fc4565132}</UniqueIdentifier>
    </Filter>
    <Filter Include="Resource Files">
      <UniqueIdentifier>{67DA6AB6-F800-4c08-8B7A-83BB121AAD01}</UniqueIdentifier>
      <Extensions>rc;ico;cur;bmp;dlg;rc2;rct;bin;rgs;gif;jpg;jpeg;jpe;resx;tiff;tif;png;wav;mfcribbon-ms</Extensions>
    </Filter>
    <Filter Include="CollisionCommands">
      <UniqueIdentifier>{311b620f-fee0-4e3c-84b4-84a799b4f689}</UniqueIdentifier>
    </Filter>
  </ItemGroup>
  <ItemGroup>
    <ClInclude Include="MiniginPCH.h">
      <Filter>Base</Filter>
    </ClInclude>
    <ClInclude Include="Minigin.h">
      <Filter>Base</Filter>
    </ClInclude>
    <ClInclude Include="targetver.h">
      <Filter>Base</Filter>
    </ClInclude>
    <ClInclude Include="BaseComponent.h">
      <Filter>Components</Filter>
    </ClInclude>
    <ClInclude Include="GridRenderComponent.h">
      <Filter>Components</Filter>
    </ClInclude>
    <ClInclude Include="ImageComponent.h">
      <Filter>Components</Filter>
    </ClInclude>
    <ClInclude Include="RenderComponent.h">
      <Filter>Components</Filter>
    </ClInclude>
    <ClInclude Include="TransformComponent.h">
      <Filter>Components</Filter>
    </ClInclude>
    <ClInclude Include="Font.h">
      <Filter>Helpers</Filter>
    </ClInclude>
    <ClInclude Include="InputManager.h">
      <Filter>Helpers</Filter>
    </ClInclude>
    <ClInclude Include="json.hpp">
      <Filter>Helpers</Filter>
    </ClInclude>
    <ClInclude Include="ResourceManager.h">
      <Filter>Helpers</Filter>
    </ClInclude>
    <ClInclude Include="Renderer.h">
      <Filter>Helpers</Filter>
    </ClInclude>
    <ClInclude Include="Singleton.h">
      <Filter>Helpers</Filter>
    </ClInclude>
    <ClInclude Include="Action.h">
      <Filter>Helpers</Filter>
    </ClInclude>
    <ClInclude Include="Time.h">
      <Filter>Helpers</Filter>
    </ClInclude>
    <ClInclude Include="Texture2D.h">
      <Filter>Helpers</Filter>
    </ClInclude>
    <ClInclude Include="GameObject.h">
      <Filter>Scene</Filter>
    </ClInclude>
    <ClInclude Include="Scene.h">
      <Filter>Scene</Filter>
    </ClInclude>
    <ClInclude Include="SceneManager.h">
      <Filter>Scene</Filter>
    </ClInclude>
    <ClInclude Include="TextComponent.h">
      <Filter>Components</Filter>
    </ClInclude>
    <ClInclude Include="AnimationRenderComponent.h">
      <Filter>Components</Filter>
    </ClInclude>
    <ClInclude Include="CollisionBoxComponent.h">
      <Filter>Components</Filter>
    </ClInclude>
    <ClInclude Include="GridHelper.h">
      <Filter>Helpers</Filter>
    </ClInclude>
    <ClInclude Include="Physics.h">
      <Filter>Helpers</Filter>
    </ClInclude>
    <ClInclude Include="CollisionCommand.h">
      <Filter>CollisionCommands</Filter>
    </ClInclude>
    <ClInclude Include="BlockMovement.h">
      <Filter>CollisionCommands</Filter>
    </ClInclude>
  </ItemGroup>
  <ItemGroup>
    <None Include="SpriteGS.glsl">
      <Filter>Shaders</Filter>
    </None>
    <None Include="SpritePS.glsl">
      <Filter>Shaders</Filter>
    </None>
    <None Include="SpriteVS.glsl">
      <Filter>Shaders</Filter>
    </None>
    <None Include="TileGS.glsl">
      <Filter>Shaders</Filter>
    </None>
    <None Include="TilePS.glsl">
      <Filter>Shaders</Filter>
    </None>
    <None Include="TileVS.glsl">
      <Filter>Shaders</Filter>
    </None>
  </ItemGroup>
  <ItemGroup>
    <ClCompile Include="Minigin.cpp">
      <Filter>Base</Filter>
    </ClCompile>
    <ClCompile Include="MiniginPCH.cpp">
      <Filter>Base</Filter>
    </ClCompile>
    <ClCompile Include="BaseComponent.cpp">
      <Filter>Components</Filter>
    </ClCompile>
    <ClCompile Include="GridRenderComponent.cpp">
      <Filter>Components</Filter>
    </ClCompile>
    <ClCompile Include="ImageComponent.cpp">
      <Filter>Components</Filter>
    </ClCompile>
    <ClCompile Include="RenderComponent.cpp">
      <Filter>Components</Filter>
    </ClCompile>
    <ClCompile Include="TextComponent.cpp">
      <Filter>Components</Filter>
    </ClCompile>
    <ClCompile Include="TransformComponent.cpp">
      <Filter>Components</Filter>
    </ClCompile>
    <ClCompile Include="Font.cpp">
      <Filter>Helpers</Filter>
    </ClCompile>
    <ClCompile Include="Time.cpp">
      <Filter>Helpers</Filter>
    </ClCompile>
    <ClCompile Include="ResourceManager.cpp">
      <Filter>Helpers</Filter>
    </ClCompile>
    <ClCompile Include="InputManager.cpp">
      <Filter>Helpers</Filter>
    </ClCompile>
    <ClCompile Include="Texture2D.cpp">
      <Filter>Helpers</Filter>
    </ClCompile>
    <ClCompile Include="Scene.cpp">
      <Filter>Scene</Filter>
    </ClCompile>
    <ClCompile Include="SceneManager.cpp">
      <Filter>Scene</Filter>
    </ClCompile>
    <ClCompile Include="GameObject.cpp">
      <Filter>Scene</Filter>
    </ClCompile>
    <ClCompile Include="Renderer.cpp">
      <Filter>Helpers</Filter>
    </ClCompile>
    <ClCompile Include="AnimationRenderComponent.cpp">
      <Filter>Components</Filter>
    </ClCompile>
    <ClCompile Include="CollisionBoxComponent.cpp">
      <Filter>Components</Filter>
    </ClCompile>
    <ClCompile Include="GridHelper.cpp">
      <Filter>Helpers</Filter>
    </ClCompile>
    <ClCompile Include="Physics.cpp">
      <Filter>Helpers</Filter>
    </ClCompile>
    <ClCompile Include="BlockMovement.cpp">
      <Filter>CollisionCommands</Filter>
    </ClCompile>
  </ItemGroup>
</Project>